// !$*UTF8*$!
{
	archiveVersion = 1;
	classes = {
	};
	objectVersion = 51;
	objects = {

/* Begin PBXBuildFile section */
		38045CAD25179FA500656716 /* DetailMovie.swift in Sources */ = {isa = PBXBuildFile; fileRef = 38045CAC25179FA500656716 /* DetailMovie.swift */; };
		382EF1E42504CE920031BFCA /* CustomSwipeRefresh.swift in Sources */ = {isa = PBXBuildFile; fileRef = 382EF1E32504CE920031BFCA /* CustomSwipeRefresh.swift */; };
		38AE56E024BB049100869DB8 /* AppDelegate.swift in Sources */ = {isa = PBXBuildFile; fileRef = 38AE56DF24BB049100869DB8 /* AppDelegate.swift */; };
		38AE56E224BB049100869DB8 /* SceneDelegate.swift in Sources */ = {isa = PBXBuildFile; fileRef = 38AE56E124BB049100869DB8 /* SceneDelegate.swift */; };
		38AE56E424BB049100869DB8 /* ViewController.swift in Sources */ = {isa = PBXBuildFile; fileRef = 38AE56E324BB049100869DB8 /* ViewController.swift */; };
		38AE56E724BB049100869DB8 /* Main.storyboard in Resources */ = {isa = PBXBuildFile; fileRef = 38AE56E524BB049100869DB8 /* Main.storyboard */; };
		38AE56E924BB049300869DB8 /* Assets.xcassets in Resources */ = {isa = PBXBuildFile; fileRef = 38AE56E824BB049300869DB8 /* Assets.xcassets */; };
		38AE56EC24BB049300869DB8 /* LaunchScreen.storyboard in Resources */ = {isa = PBXBuildFile; fileRef = 38AE56EA24BB049300869DB8 /* LaunchScreen.storyboard */; };
		38DC336E24FCCB530066D113 /* DetailMovieView.swift in Sources */ = {isa = PBXBuildFile; fileRef = 38DC336D24FCCB530066D113 /* DetailMovieView.swift */; };
		38FD0A9D24FB940400E957FF /* HomeView.swift in Sources */ = {isa = PBXBuildFile; fileRef = 38FD0A9C24FB940400E957FF /* HomeView.swift */; };
		38FD0A9F24FB9B1800E957FF /* CellComponent.swift in Sources */ = {isa = PBXBuildFile; fileRef = 38FD0A9E24FB9B1800E957FF /* CellComponent.swift */; };
		38FD0AA424FBCDEA00E957FF /* Movie.swift in Sources */ = {isa = PBXBuildFile; fileRef = 38FD0AA324FBCDEA00E957FF /* Movie.swift */; };
		38FD0AA824FBD38B00E957FF /* MovieApi.swift in Sources */ = {isa = PBXBuildFile; fileRef = 38FD0AA724FBD38B00E957FF /* MovieApi.swift */; };
		38FD0AAA24FBD4FB00E957FF /* NetworkManager.swift in Sources */ = {isa = PBXBuildFile; fileRef = 38FD0AA924FBD4FB00E957FF /* NetworkManager.swift */; };
		38FD0AB024FBF06000E957FF /* MovieRepository.swift in Sources */ = {isa = PBXBuildFile; fileRef = 38FD0AAF24FBF06000E957FF /* MovieRepository.swift */; };
		38FD0AB324FC067C00E957FF /* DateUtils.swift in Sources */ = {isa = PBXBuildFile; fileRef = 38FD0AB224FC067C00E957FF /* DateUtils.swift */; };
		38FD0AB824FC9C5300E957FF /* SearchBar.swift in Sources */ = {isa = PBXBuildFile; fileRef = 38FD0AB724FC9C5300E957FF /* SearchBar.swift */; };
		E9295029E7027FA5EC3791F4 /* Pods_Movielicious.framework in Frameworks */ = {isa = PBXBuildFile; fileRef = A03E5132F68D791DC83EF5D3 /* Pods_Movielicious.framework */; };
		FA3F5BF12529F4A3002A6D15 /* AppConfiguration.swift in Sources */ = {isa = PBXBuildFile; fileRef = FA3F5BF02529F4A3002A6D15 /* AppConfiguration.swift */; };
/* End PBXBuildFile section */

/* Begin PBXFileReference section */
		38045CAC25179FA500656716 /* DetailMovie.swift */ = {isa = PBXFileReference; lastKnownFileType = sourcecode.swift; path = DetailMovie.swift; sourceTree = "<group>"; };
		382EF1E32504CE920031BFCA /* CustomSwipeRefresh.swift */ = {isa = PBXFileReference; lastKnownFileType = sourcecode.swift; path = CustomSwipeRefresh.swift; sourceTree = "<group>"; };
		38AE56DC24BB049100869DB8 /* Movielicious.app */ = {isa = PBXFileReference; explicitFileType = wrapper.application; includeInIndex = 0; path = Movielicious.app; sourceTree = BUILT_PRODUCTS_DIR; };
		38AE56DF24BB049100869DB8 /* AppDelegate.swift */ = {isa = PBXFileReference; lastKnownFileType = sourcecode.swift; path = AppDelegate.swift; sourceTree = "<group>"; };
		38AE56E124BB049100869DB8 /* SceneDelegate.swift */ = {isa = PBXFileReference; lastKnownFileType = sourcecode.swift; path = SceneDelegate.swift; sourceTree = "<group>"; };
		38AE56E324BB049100869DB8 /* ViewController.swift */ = {isa = PBXFileReference; lastKnownFileType = sourcecode.swift; path = ViewController.swift; sourceTree = "<group>"; };
		38AE56E624BB049100869DB8 /* Base */ = {isa = PBXFileReference; lastKnownFileType = file.storyboard; name = Base; path = Base.lproj/Main.storyboard; sourceTree = "<group>"; };
		38AE56E824BB049300869DB8 /* Assets.xcassets */ = {isa = PBXFileReference; lastKnownFileType = folder.assetcatalog; path = Assets.xcassets; sourceTree = "<group>"; };
		38AE56EB24BB049300869DB8 /* Base */ = {isa = PBXFileReference; lastKnownFileType = file.storyboard; name = Base; path = Base.lproj/LaunchScreen.storyboard; sourceTree = "<group>"; };
		38AE56ED24BB049300869DB8 /* Info.plist */ = {isa = PBXFileReference; lastKnownFileType = text.plist.xml; path = Info.plist; sourceTree = "<group>"; };
		38DC336D24FCCB530066D113 /* DetailMovieView.swift */ = {isa = PBXFileReference; lastKnownFileType = sourcecode.swift; path = DetailMovieView.swift; sourceTree = "<group>"; };
		38FD0A9C24FB940400E957FF /* HomeView.swift */ = {isa = PBXFileReference; lastKnownFileType = sourcecode.swift; path = HomeView.swift; sourceTree = "<group>"; };
		38FD0A9E24FB9B1800E957FF /* CellComponent.swift */ = {isa = PBXFileReference; lastKnownFileType = sourcecode.swift; path = CellComponent.swift; sourceTree = "<group>"; };
		38FD0AA324FBCDEA00E957FF /* Movie.swift */ = {isa = PBXFileReference; lastKnownFileType = sourcecode.swift; path = Movie.swift; sourceTree = "<group>"; };
		38FD0AA724FBD38B00E957FF /* MovieApi.swift */ = {isa = PBXFileReference; lastKnownFileType = sourcecode.swift; path = MovieApi.swift; sourceTree = "<group>"; };
		38FD0AA924FBD4FB00E957FF /* NetworkManager.swift */ = {isa = PBXFileReference; lastKnownFileType = sourcecode.swift; path = NetworkManager.swift; sourceTree = "<group>"; };
		38FD0AAF24FBF06000E957FF /* MovieRepository.swift */ = {isa = PBXFileReference; lastKnownFileType = sourcecode.swift; path = MovieRepository.swift; sourceTree = "<group>"; };
		38FD0AB224FC067C00E957FF /* DateUtils.swift */ = {isa = PBXFileReference; lastKnownFileType = sourcecode.swift; path = DateUtils.swift; sourceTree = "<group>"; };
		38FD0AB724FC9C5300E957FF /* SearchBar.swift */ = {isa = PBXFileReference; lastKnownFileType = sourcecode.swift; path = SearchBar.swift; sourceTree = "<group>"; };
		44A136E02DB05CB988A61FC3 /* Pods-Movielicious.debug.xcconfig */ = {isa = PBXFileReference; includeInIndex = 1; lastKnownFileType = text.xcconfig; name = "Pods-Movielicious.debug.xcconfig"; path = "Target Support Files/Pods-Movielicious/Pods-Movielicious.debug.xcconfig"; sourceTree = "<group>"; };
		A03E5132F68D791DC83EF5D3 /* Pods_Movielicious.framework */ = {isa = PBXFileReference; explicitFileType = wrapper.framework; includeInIndex = 0; path = Pods_Movielicious.framework; sourceTree = BUILT_PRODUCTS_DIR; };
		E91184CC0CA4BF5864A2076F /* Pods-Movielicious.release.xcconfig */ = {isa = PBXFileReference; includeInIndex = 1; lastKnownFileType = text.xcconfig; name = "Pods-Movielicious.release.xcconfig"; path = "Target Support Files/Pods-Movielicious/Pods-Movielicious.release.xcconfig"; sourceTree = "<group>"; };
		FA3F5BF02529F4A3002A6D15 /* AppConfiguration.swift */ = {isa = PBXFileReference; lastKnownFileType = sourcecode.swift; path = AppConfiguration.swift; sourceTree = "<group>"; };
/* End PBXFileReference section */

/* Begin PBXFrameworksBuildPhase section */
		38AE56D924BB049100869DB8 /* Frameworks */ = {
			isa = PBXFrameworksBuildPhase;
			buildActionMask = 2147483647;
			files = (
				E9295029E7027FA5EC3791F4 /* Pods_Movielicious.framework in Frameworks */,
			);
			runOnlyForDeploymentPostprocessing = 0;
		};
/* End PBXFrameworksBuildPhase section */

/* Begin PBXGroup section */
		38AE56D324BB049100869DB8 = {
			isa = PBXGroup;
			children = (
				38AE56DE24BB049100869DB8 /* Movielicious */,
				38AE56DD24BB049100869DB8 /* Products */,
				3DF2563A272665961F7A3E9A /* Pods */,
				69B1568B63E2700F30E08BE0 /* Frameworks */,
			);
			sourceTree = "<group>";
		};
		38AE56DD24BB049100869DB8 /* Products */ = {
			isa = PBXGroup;
			children = (
				38AE56DC24BB049100869DB8 /* Movielicious.app */,
			);
			name = Products;
			sourceTree = "<group>";
		};
		38AE56DE24BB049100869DB8 /* Movielicious */ = {
			isa = PBXGroup;
			children = (
				FA3F5BEF2529F473002A6D15 /* New Group */,
				38FD0AB424FC0C5D00E957FF /* widgets */,
				38FD0AB124FC066F00E957FF /* utils */,
				38FD0AA524FBD36800E957FF /* domain */,
				38FD0A9A24FB92BF00E957FF /* Application */,
				38FD0A9924FB92B200E957FF /* Presentation */,
				38AE56E524BB049100869DB8 /* Main.storyboard */,
				38AE56E824BB049300869DB8 /* Assets.xcassets */,
				38AE56EA24BB049300869DB8 /* LaunchScreen.storyboard */,
				38AE56ED24BB049300869DB8 /* Info.plist */,
			);
			path = Movielicious;
			sourceTree = "<group>";
		};
		38DC336C24FCCB3B0066D113 /* detail */ = {
			isa = PBXGroup;
			children = (
				38DC336D24FCCB530066D113 /* DetailMovieView.swift */,
			);
			path = detail;
			sourceTree = "<group>";
		};
		38FD0A9924FB92B200E957FF /* Presentation */ = {
			isa = PBXGroup;
			children = (
				38DC336C24FCCB3B0066D113 /* detail */,
				38FD0A9B24FB92EA00E957FF /* home */,
			);
			path = Presentation;
			sourceTree = "<group>";
		};
		38FD0A9A24FB92BF00E957FF /* Application */ = {
			isa = PBXGroup;
			children = (
				38AE56DF24BB049100869DB8 /* AppDelegate.swift */,
				FA3F5BF02529F4A3002A6D15 /* AppConfiguration.swift */,
			);
			path = Application;
			sourceTree = "<group>";
		};
		38FD0A9B24FB92EA00E957FF /* home */ = {
			isa = PBXGroup;
			children = (
				38AE56E124BB049100869DB8 /* SceneDelegate.swift */,
				38AE56E324BB049100869DB8 /* ViewController.swift */,
				38FD0A9C24FB940400E957FF /* HomeView.swift */,
				38FD0A9E24FB9B1800E957FF /* CellComponent.swift */,
			);
			path = home;
			sourceTree = "<group>";
		};
		38FD0AA024FBCD8D00E957FF /* dto */ = {
			isa = PBXGroup;
			children = (
				38FD0AA324FBCDEA00E957FF /* Movie.swift */,
				38045CAC25179FA500656716 /* DetailMovie.swift */,
			);
			path = dto;
			sourceTree = "<group>";
		};
		38FD0AA524FBD36800E957FF /* domain */ = {
			isa = PBXGroup;
			children = (
				38FD0AAE24FBF04A00E957FF /* repositories */,
				38FD0AA624FBD37A00E957FF /* service */,
				38FD0AA024FBCD8D00E957FF /* dto */,
			);
			path = domain;
			sourceTree = "<group>";
		};
		38FD0AA624FBD37A00E957FF /* service */ = {
			isa = PBXGroup;
			children = (
				FA429A732528326600857D2C /* StubbedResponses */,
				38FD0AA724FBD38B00E957FF /* MovieApi.swift */,
				38FD0AA924FBD4FB00E957FF /* NetworkManager.swift */,
			);
			path = service;
			sourceTree = "<group>";
		};
		38FD0AAE24FBF04A00E957FF /* repositories */ = {
			isa = PBXGroup;
			children = (
				38FD0AAF24FBF06000E957FF /* MovieRepository.swift */,
			);
			path = repositories;
			sourceTree = "<group>";
		};
		38FD0AB124FC066F00E957FF /* utils */ = {
			isa = PBXGroup;
			children = (
				38FD0AB224FC067C00E957FF /* DateUtils.swift */,
			);
			path = utils;
			sourceTree = "<group>";
		};
		38FD0AB424FC0C5D00E957FF /* widgets */ = {
			isa = PBXGroup;
			children = (
				38FD0AB724FC9C5300E957FF /* SearchBar.swift */,
				382EF1E32504CE920031BFCA /* CustomSwipeRefresh.swift */,
			);
			path = widgets;
			sourceTree = "<group>";
		};
		3DF2563A272665961F7A3E9A /* Pods */ = {
			isa = PBXGroup;
			children = (
				44A136E02DB05CB988A61FC3 /* Pods-Movielicious.debug.xcconfig */,
				E91184CC0CA4BF5864A2076F /* Pods-Movielicious.release.xcconfig */,
			);
			path = Pods;
			sourceTree = "<group>";
		};
		69B1568B63E2700F30E08BE0 /* Frameworks */ = {
			isa = PBXGroup;
			children = (
				A03E5132F68D791DC83EF5D3 /* Pods_Movielicious.framework */,
			);
			name = Frameworks;
			sourceTree = "<group>";
		};
		FA3F5BEF2529F473002A6D15 /* New Group */ = {
			isa = PBXGroup;
			children = (
			);
			path = "New Group";
			sourceTree = "<group>";
		};
		FA429A732528326600857D2C /* StubbedResponses */ = {
			isa = PBXGroup;
			children = (
			);
			path = StubbedResponses;
			sourceTree = "<group>";
		};
/* End PBXGroup section */

/* Begin PBXNativeTarget section */
		38AE56DB24BB049100869DB8 /* Movielicious */ = {
			isa = PBXNativeTarget;
			buildConfigurationList = 38AE56F024BB049300869DB8 /* Build configuration list for PBXNativeTarget "Movielicious" */;
			buildPhases = (
				5F1B6DC1AAA099A3C007CA5A /* [CP] Check Pods Manifest.lock */,
				38AE56D824BB049100869DB8 /* Sources */,
				38AE56D924BB049100869DB8 /* Frameworks */,
				38AE56DA24BB049100869DB8 /* Resources */,
				54DAC1FAE5596936537696C9 /* [CP] Embed Pods Frameworks */,
			);
			buildRules = (
			);
			dependencies = (
			);
			name = Movielicious;
			productName = Movielicious;
			productReference = 38AE56DC24BB049100869DB8 /* Movielicious.app */;
			productType = "com.apple.product-type.application";
		};
/* End PBXNativeTarget section */

/* Begin PBXProject section */
		38AE56D424BB049100869DB8 /* Project object */ = {
			isa = PBXProject;
			attributes = {
				LastSwiftUpdateCheck = 1130;
				LastUpgradeCheck = 1130;
				ORGANIZATIONNAME = "Abraham Lay (ID)";
				TargetAttributes = {
					38AE56DB24BB049100869DB8 = {
						CreatedOnToolsVersion = 11.3.1;
					};
				};
			};
			buildConfigurationList = 38AE56D724BB049100869DB8 /* Build configuration list for PBXProject "Movielicious" */;
			compatibilityVersion = "Xcode 9.3";
			developmentRegion = en;
			hasScannedForEncodings = 0;
			knownRegions = (
				en,
				Base,
			);
			mainGroup = 38AE56D324BB049100869DB8;
			productRefGroup = 38AE56DD24BB049100869DB8 /* Products */;
			projectDirPath = "";
			projectRoot = "";
			targets = (
				38AE56DB24BB049100869DB8 /* Movielicious */,
			);
		};
/* End PBXProject section */

/* Begin PBXResourcesBuildPhase section */
		38AE56DA24BB049100869DB8 /* Resources */ = {
			isa = PBXResourcesBuildPhase;
			buildActionMask = 2147483647;
			files = (
				38AE56EC24BB049300869DB8 /* LaunchScreen.storyboard in Resources */,
				38AE56E924BB049300869DB8 /* Assets.xcassets in Resources */,
				38AE56E724BB049100869DB8 /* Main.storyboard in Resources */,
			);
			runOnlyForDeploymentPostprocessing = 0;
		};
/* End PBXResourcesBuildPhase section */

/* Begin PBXShellScriptBuildPhase section */
		54DAC1FAE5596936537696C9 /* [CP] Embed Pods Frameworks */ = {
			isa = PBXShellScriptBuildPhase;
			buildActionMask = 2147483647;
			files = (
			);
			inputFileListPaths = (
				"${PODS_ROOT}/Target Support Files/Pods-Movielicious/Pods-Movielicious-frameworks-${CONFIGURATION}-input-files.xcfilelist",
			);
			name = "[CP] Embed Pods Frameworks";
			outputFileListPaths = (
				"${PODS_ROOT}/Target Support Files/Pods-Movielicious/Pods-Movielicious-frameworks-${CONFIGURATION}-output-files.xcfilelist",
			);
			runOnlyForDeploymentPostprocessing = 0;
			shellPath = /bin/sh;
			shellScript = "\"${PODS_ROOT}/Target Support Files/Pods-Movielicious/Pods-Movielicious-frameworks.sh\"\n";
			showEnvVarsInLog = 0;
		};
		5F1B6DC1AAA099A3C007CA5A /* [CP] Check Pods Manifest.lock */ = {
			isa = PBXShellScriptBuildPhase;
			buildActionMask = 2147483647;
			files = (
			);
			inputFileListPaths = (
			);
			inputPaths = (
				"${PODS_PODFILE_DIR_PATH}/Podfile.lock",
				"${PODS_ROOT}/Manifest.lock",
			);
			name = "[CP] Check Pods Manifest.lock";
			outputFileListPaths = (
			);
			outputPaths = (
				"$(DERIVED_FILE_DIR)/Pods-Movielicious-checkManifestLockResult.txt",
			);
			runOnlyForDeploymentPostprocessing = 0;
			shellPath = /bin/sh;
			shellScript = "diff \"${PODS_PODFILE_DIR_PATH}/Podfile.lock\" \"${PODS_ROOT}/Manifest.lock\" > /dev/null\nif [ $? != 0 ] ; then\n    # print error to STDERR\n    echo \"error: The sandbox is not in sync with the Podfile.lock. Run 'pod install' or update your CocoaPods installation.\" >&2\n    exit 1\nfi\n# This output is used by Xcode 'outputs' to avoid re-running this script phase.\necho \"SUCCESS\" > \"${SCRIPT_OUTPUT_FILE_0}\"\n";
			showEnvVarsInLog = 0;
		};
/* End PBXShellScriptBuildPhase section */

/* Begin PBXSourcesBuildPhase section */
		38AE56D824BB049100869DB8 /* Sources */ = {
			isa = PBXSourcesBuildPhase;
			buildActionMask = 2147483647;
			files = (
				38AE56E424BB049100869DB8 /* ViewController.swift in Sources */,
				38AE56E024BB049100869DB8 /* AppDelegate.swift in Sources */,
				38FD0AB024FBF06000E957FF /* MovieRepository.swift in Sources */,
				38FD0AB324FC067C00E957FF /* DateUtils.swift in Sources */,
				38DC336E24FCCB530066D113 /* DetailMovieView.swift in Sources */,
				38FD0AA424FBCDEA00E957FF /* Movie.swift in Sources */,
				FA3F5BF12529F4A3002A6D15 /* AppConfiguration.swift in Sources */,
				38FD0A9D24FB940400E957FF /* HomeView.swift in Sources */,
				38FD0AAA24FBD4FB00E957FF /* NetworkManager.swift in Sources */,
				38AE56E224BB049100869DB8 /* SceneDelegate.swift in Sources */,
				38045CAD25179FA500656716 /* DetailMovie.swift in Sources */,
				38FD0A9F24FB9B1800E957FF /* CellComponent.swift in Sources */,
				38FD0AB824FC9C5300E957FF /* SearchBar.swift in Sources */,
				38FD0AA824FBD38B00E957FF /* MovieApi.swift in Sources */,
				382EF1E42504CE920031BFCA /* CustomSwipeRefresh.swift in Sources */,
			);
			runOnlyForDeploymentPostprocessing = 0;
		};
/* End PBXSourcesBuildPhase section */

/* Begin PBXVariantGroup section */
		38AE56E524BB049100869DB8 /* Main.storyboard */ = {
			isa = PBXVariantGroup;
			children = (
				38AE56E624BB049100869DB8 /* Base */,
			);
			name = Main.storyboard;
			sourceTree = "<group>";
		};
		38AE56EA24BB049300869DB8 /* LaunchScreen.storyboard */ = {
			isa = PBXVariantGroup;
			children = (
				38AE56EB24BB049300869DB8 /* Base */,
			);
			name = LaunchScreen.storyboard;
			sourceTree = "<group>";
		};
/* End PBXVariantGroup section */

/* Begin XCBuildConfiguration section */
		38AE56EE24BB049300869DB8 /* Debug */ = {
			isa = XCBuildConfiguration;
			buildSettings = {
				ALWAYS_SEARCH_USER_PATHS = NO;
				API_BASE_URL_PROD = "https://api.themoviedb.org/";
				API_BASE_URL_QA = "https://qa.themoviedb.org/";
				API_BASE_URL_STAGING = "https://staging.themoviedb.org/";
				API_KEY = e1364e3bc8f9d46c4a09586973081f96;
				CLANG_ANALYZER_NONNULL = YES;
				CLANG_ANALYZER_NUMBER_OBJECT_CONVERSION = YES_AGGRESSIVE;
				CLANG_CXX_LANGUAGE_STANDARD = "gnu++14";
				CLANG_CXX_LIBRARY = "libc++";
				CLANG_ENABLE_MODULES = YES;
				CLANG_ENABLE_OBJC_ARC = YES;
				CLANG_ENABLE_OBJC_WEAK = YES;
				CLANG_WARN_BLOCK_CAPTURE_AUTORELEASING = YES;
				CLANG_WARN_BOOL_CONVERSION = YES;
				CLANG_WARN_COMMA = YES;
				CLANG_WARN_CONSTANT_CONVERSION = YES;
				CLANG_WARN_DEPRECATED_OBJC_IMPLEMENTATIONS = YES;
				CLANG_WARN_DIRECT_OBJC_ISA_USAGE = YES_ERROR;
				CLANG_WARN_DOCUMENTATION_COMMENTS = YES;
				CLANG_WARN_EMPTY_BODY = YES;
				CLANG_WARN_ENUM_CONVERSION = YES;
				CLANG_WARN_INFINITE_RECURSION = YES;
				CLANG_WARN_INT_CONVERSION = YES;
				CLANG_WARN_NON_LITERAL_NULL_CONVERSION = YES;
				CLANG_WARN_OBJC_IMPLICIT_RETAIN_SELF = YES;
				CLANG_WARN_OBJC_LITERAL_CONVERSION = YES;
				CLANG_WARN_OBJC_ROOT_CLASS = YES_ERROR;
				CLANG_WARN_RANGE_LOOP_ANALYSIS = YES;
				CLANG_WARN_STRICT_PROTOTYPES = YES;
				CLANG_WARN_SUSPICIOUS_MOVE = YES;
				CLANG_WARN_UNGUARDED_AVAILABILITY = YES_AGGRESSIVE;
				CLANG_WARN_UNREACHABLE_CODE = YES;
				CLANG_WARN__DUPLICATE_METHOD_MATCH = YES;
				COPY_PHASE_STRIP = NO;
				DEBUG_INFORMATION_FORMAT = dwarf;
				ENABLE_STRICT_OBJC_MSGSEND = YES;
				ENABLE_TESTABILITY = YES;
				GCC_C_LANGUAGE_STANDARD = gnu11;
				GCC_DYNAMIC_NO_PIC = NO;
				GCC_NO_COMMON_BLOCKS = YES;
				GCC_OPTIMIZATION_LEVEL = 0;
				GCC_PREPROCESSOR_DEFINITIONS = (
					"DEBUG=1",
					"$(inherited)",
				);
				GCC_WARN_64_TO_32_BIT_CONVERSION = YES;
				GCC_WARN_ABOUT_RETURN_TYPE = YES_ERROR;
				GCC_WARN_UNDECLARED_SELECTOR = YES;
				GCC_WARN_UNINITIALIZED_AUTOS = YES_AGGRESSIVE;
				GCC_WARN_UNUSED_FUNCTION = YES;
				GCC_WARN_UNUSED_VARIABLE = YES;
				IPHONEOS_DEPLOYMENT_TARGET = 13.2;
				MTL_ENABLE_DEBUG_INFO = INCLUDE_SOURCE;
				MTL_FAST_MATH = YES;
				ONLY_ACTIVE_ARCH = YES;
				SDKROOT = iphoneos;
				SWIFT_ACTIVE_COMPILATION_CONDITIONS = DEBUG;
				SWIFT_OPTIMIZATION_LEVEL = "-Onone";
			};
			name = Debug;
		};
		38AE56EF24BB049300869DB8 /* Release */ = {
			isa = XCBuildConfiguration;
			buildSettings = {
				ALWAYS_SEARCH_USER_PATHS = NO;
				API_BASE_URL_PROD = "https://api.themoviedb.org/";
				API_BASE_URL_QA = "https://qa.themoviedb.org/";
				API_BASE_URL_STAGING = "https://staging.themoviedb.org/";
				API_KEY = e1364e3bc8f9d46c4a09586973081f96;
				CLANG_ANALYZER_NONNULL = YES;
				CLANG_ANALYZER_NUMBER_OBJECT_CONVERSION = YES_AGGRESSIVE;
				CLANG_CXX_LANGUAGE_STANDARD = "gnu++14";
				CLANG_CXX_LIBRARY = "libc++";
				CLANG_ENABLE_MODULES = YES;
				CLANG_ENABLE_OBJC_ARC = YES;
				CLANG_ENABLE_OBJC_WEAK = YES;
				CLANG_WARN_BLOCK_CAPTURE_AUTORELEASING = YES;
				CLANG_WARN_BOOL_CONVERSION = YES;
				CLANG_WARN_COMMA = YES;
				CLANG_WARN_CONSTANT_CONVERSION = YES;
				CLANG_WARN_DEPRECATED_OBJC_IMPLEMENTATIONS = YES;
				CLANG_WARN_DIRECT_OBJC_ISA_USAGE = YES_ERROR;
				CLANG_WARN_DOCUMENTATION_COMMENTS = YES;
				CLANG_WARN_EMPTY_BODY = YES;
				CLANG_WARN_ENUM_CONVERSION = YES;
				CLANG_WARN_INFINITE_RECURSION = YES;
				CLANG_WARN_INT_CONVERSION = YES;
				CLANG_WARN_NON_LITERAL_NULL_CONVERSION = YES;
				CLANG_WARN_OBJC_IMPLICIT_RETAIN_SELF = YES;
				CLANG_WARN_OBJC_LITERAL_CONVERSION = YES;
				CLANG_WARN_OBJC_ROOT_CLASS = YES_ERROR;
				CLANG_WARN_RANGE_LOOP_ANALYSIS = YES;
				CLANG_WARN_STRICT_PROTOTYPES = YES;
				CLANG_WARN_SUSPICIOUS_MOVE = YES;
				CLANG_WARN_UNGUARDED_AVAILABILITY = YES_AGGRESSIVE;
				CLANG_WARN_UNREACHABLE_CODE = YES;
				CLANG_WARN__DUPLICATE_METHOD_MATCH = YES;
				COPY_PHASE_STRIP = NO;
				DEBUG_INFORMATION_FORMAT = "dwarf-with-dsym";
				ENABLE_NS_ASSERTIONS = NO;
				ENABLE_STRICT_OBJC_MSGSEND = YES;
				GCC_C_LANGUAGE_STANDARD = gnu11;
				GCC_NO_COMMON_BLOCKS = YES;
				GCC_WARN_64_TO_32_BIT_CONVERSION = YES;
				GCC_WARN_ABOUT_RETURN_TYPE = YES_ERROR;
				GCC_WARN_UNDECLARED_SELECTOR = YES;
				GCC_WARN_UNINITIALIZED_AUTOS = YES_AGGRESSIVE;
				GCC_WARN_UNUSED_FUNCTION = YES;
				GCC_WARN_UNUSED_VARIABLE = YES;
				IPHONEOS_DEPLOYMENT_TARGET = 13.2;
				MTL_ENABLE_DEBUG_INFO = NO;
				MTL_FAST_MATH = YES;
				SDKROOT = iphoneos;
				SWIFT_COMPILATION_MODE = wholemodule;
				SWIFT_OPTIMIZATION_LEVEL = "-O";
				VALIDATE_PRODUCT = YES;
			};
			name = Release;
		};
		38AE56F124BB049300869DB8 /* Debug */ = {
			isa = XCBuildConfiguration;
			baseConfigurationReference = 44A136E02DB05CB988A61FC3 /* Pods-Movielicious.debug.xcconfig */;
			buildSettings = {
				ASSETCATALOG_COMPILER_APPICON_NAME = AppIcon;
				CODE_SIGN_STYLE = Automatic;
				DEVELOPMENT_TEAM = THP279BY8P;
				INFOPLIST_FILE = Movielicious/Info.plist;
				LD_RUNPATH_SEARCH_PATHS = (
					"$(inherited)",
					"@executable_path/Frameworks",
				);
				PRODUCT_BUNDLE_IDENTIFIER = com.abrahamlay.Movielicious;
				PRODUCT_NAME = "$(TARGET_NAME)";
				SWIFT_VERSION = 5.0;
				TARGETED_DEVICE_FAMILY = "1,2";
			};
			name = Debug;
		};
		38AE56F224BB049300869DB8 /* Release */ = {
			isa = XCBuildConfiguration;
			baseConfigurationReference = E91184CC0CA4BF5864A2076F /* Pods-Movielicious.release.xcconfig */;
			buildSettings = {
				ASSETCATALOG_COMPILER_APPICON_NAME = AppIcon;
				CODE_SIGN_STYLE = Automatic;
				DEVELOPMENT_TEAM = THP279BY8P;
				INFOPLIST_FILE = Movielicious/Info.plist;
				LD_RUNPATH_SEARCH_PATHS = (
					"$(inherited)",
					"@executable_path/Frameworks",
				);
				PRODUCT_BUNDLE_IDENTIFIER = com.abrahamlay.Movielicious;
				PRODUCT_NAME = "$(TARGET_NAME)";
				SWIFT_VERSION = 5.0;
				TARGETED_DEVICE_FAMILY = "1,2";
			};
			name = Release;
		};
/* End XCBuildConfiguration section */

/* Begin XCConfigurationList section */
		38AE56D724BB049100869DB8 /* Build configuration list for PBXProject "Movielicious" */ = {
			isa = XCConfigurationList;
			buildConfigurations = (
				38AE56EE24BB049300869DB8 /* Debug */,
				38AE56EF24BB049300869DB8 /* Release */,
			);
			defaultConfigurationIsVisible = 0;
			defaultConfigurationName = Release;
		};
		38AE56F024BB049300869DB8 /* Build configuration list for PBXNativeTarget "Movielicious" */ = {
			isa = XCConfigurationList;
			buildConfigurations = (
				38AE56F124BB049300869DB8 /* Debug */,
				38AE56F224BB049300869DB8 /* Release */,
			);
			defaultConfigurationIsVisible = 0;
			defaultConfigurationName = Release;
		};
/* End XCConfigurationList section */
	};
	rootObject = 38AE56D424BB049100869DB8 /* Project object */;
}
